
Microsoft Visual Studio Solution File, Format Version 12.00
# Visual Studio Version 16
VisualStudioVersion = 16.0.30204.135
MinimumVisualStudioVersion = 10.0.40219.1
Project("{FAE04EC0-301F-11D3-BF4B-00C04F79EFBC}") = "PcControlBoard", "PcControllBoard\PcControlBoard.csproj", "{DA0A7934-F81C-4D07-92D5-48D48969E025}"
EndProject
Global
	GlobalSection(SolutionConfigurationPlatforms) = preSolution
		Debug|Any CPU = Debug|Any CPU
		Release|Any CPU = Release|Any CPU
	EndGlobalSection
	GlobalSection(ProjectConfigurationPlatforms) = postSolution
		{DA0A7934-F81C-4D07-92D5-48D48969E025}.Debug|Any CPU.ActiveCfg = Debug|Any CPU
		{DA0A7934-F81C-4D07-92D5-48D48969E025}.Debug|Any CPU.Build.0 = Debug|Any CPU
		{DA0A7934-F81C-4D07-92D5-48D48969E025}.Release|Any CPU.ActiveCfg = Release|Any CPU
		{DA0A7934-F81C-4D07-92D5-48D48969E025}.Release|Any CPU.Build.0 = Release|Any CPU
	EndGlobalSection
	GlobalSection(SolutionProperties) = preSolution
		HideSolutionNode = FALSE
	EndGlobalSection
	GlobalSection(ExtensibilityGlobals) = postSolution
		SolutionGuid = {01FDA04C-45CD-4DBC-A08F-16AA0F0FAAC9}
	EndGlobalSection
EndGlobal
